# @generated by Move, please check-in and do not edit manually.

[move]
version = 3
manifest_digest = "A79AB1CF10C5430B13E98F30EB2C90D5BAC520EC0B122E945DC936D18DF377B2"
deps_digest = "F8BBB0CCB2491CA29A3DF03D6F92277A4F3574266507ACD77214D37ECA3F3082"
dependencies = [
  { id = "One", name = "One" },
]

[[move.package]]
id = "MoveStdlib"
source = { git = "https://github.com/one-chain-labs/onechain.git", rev = "main", subdir = "crates\\sui-framework\\packages\\move-stdlib" }

[[move.package]]
id = "One"
source = { git = "https://github.com/one-chain-labs/onechain.git", rev = "main", subdir = "crates/sui-framework/packages/one-framework" }

dependencies = [
  { id = "MoveStdlib", name = "MoveStdlib" },
]

[move.toolchain-version]
compiler-version = "1.0.1"
edition = "2024.beta"
flavor = "one"

[env]

[env.testnet]
chain-id = "1bd5c965"
original-published-id = "0xa069db9a47bec73fb9c4da36a480ac97e094c58d095ae7efc682d92effc0d9a3"
latest-published-id = "0xa069db9a47bec73fb9c4da36a480ac97e094c58d095ae7efc682d92effc0d9a3"
published-version = "1"
